
Microsoft Visual Studio Solution File, Format Version 12.00
# Visual Studio Version 17
VisualStudioVersion = 17.10.35122.118
MinimumVisualStudioVersion = 10.0.40219.1
Project("{FAE04EC0-301F-11D3-BF4B-00C04F79EFBC}") = "Baitaptruong", "Baitaptruong.csproj", "{7249C567-A5C1-4601-9A03-D6A7A298397B}"
EndProject
Global
	GlobalSection(SolutionConfigurationPlatforms) = preSolution
		Debug|Any CPU = Debug|Any CPU
		Release|Any CPU = Release|Any CPU
	EndGlobalSection
	GlobalSection(ProjectConfigurationPlatforms) = postSolution
		{7249C567-A5C1-4601-9A03-D6A7A298397B}.Debug|Any CPU.ActiveCfg = Debug|Any CPU
		{7249C567-A5C1-4601-9A03-D6A7A298397B}.Debug|Any CPU.Build.0 = Debug|Any CPU
		{7249C567-A5C1-4601-9A03-D6A7A298397B}.Release|Any CPU.ActiveCfg = Release|Any CPU
		{7249C567-A5C1-4601-9A03-D6A7A298397B}.Release|Any CPU.Build.0 = Release|Any CPU
	EndGlobalSection
	GlobalSection(SolutionProperties) = preSolution
		HideSolutionNode = FALSE
	EndGlobalSection
	GlobalSection(ExtensibilityGlobals) = postSolution
		SolutionGuid = {7FE94237-60D4-451F-A6C9-DA14A6079E86}
	EndGlobalSection
EndGlobal
